
Microsoft Visual Studio Solution File, Format Version 12.00
# Visual Studio Version 17
VisualStudioVersion = 17.14.36414.22 d17.14
MinimumVisualStudioVersion = 10.0.40219.1
Project("{8BC9CEB8-8B4A-11D0-8D11-00A0C91BC942}") = "cs2tb", "cs2tb\cs2tb.vcxproj", "{DA77B6E5-2F43-4D62-8883-1B70B064285F}"
EndProject
Global
	GlobalSection(SolutionConfigurationPlatforms) = preSolution
		Debug|x64 = Debug|x64
		Debug|x86 = Debug|x86
		Release|x64 = Release|x64
		Release|x86 = Release|x86
	EndGlobalSection
	GlobalSection(ProjectConfigurationPlatforms) = postSolution
		{DA77B6E5-2F43-4D62-8883-1B70B064285F}.Debug|x64.ActiveCfg = Debug|x64
		{DA77B6E5-2F43-4D62-8883-1B70B064285F}.Debug|x64.Build.0 = Debug|x64
		{DA77B6E5-2F43-4D62-8883-1B70B064285F}.Debug|x86.ActiveCfg = Debug|Win32
		{DA77B6E5-2F43-4D62-8883-1B70B064285F}.Debug|x86.Build.0 = Debug|Win32
		{DA77B6E5-2F43-4D62-8883-1B70B064285F}.Release|x64.ActiveCfg = Release|x64
		{DA77B6E5-2F43-4D62-8883-1B70B064285F}.Release|x64.Build.0 = Release|x64
		{DA77B6E5-2F43-4D62-8883-1B70B064285F}.Release|x86.ActiveCfg = Release|Win32
		{DA77B6E5-2F43-4D62-8883-1B70B064285F}.Release|x86.Build.0 = Release|Win32
	EndGlobalSection
	GlobalSection(SolutionProperties) = preSolution
		HideSolutionNode = FALSE
	EndGlobalSection
	GlobalSection(ExtensibilityGlobals) = postSolution
		SolutionGuid = {B0AD0F87-0484-493E-9ACE-075763C6BCB7}
	EndGlobalSection
EndGlobal
